
Microsoft Visual Studio Solution File, Format Version 12.00
# Visual Studio 15
VisualStudioVersion = 15.0.28307.572
MinimumVisualStudioVersion = 10.0.40219.1
Project("{FAE04EC0-301F-11D3-BF4B-00C04F79EFBC}") = "Restaurant_Order_App", "Restaurant_Order_App\Restaurant_Order_App.csproj", "{87BE54EA-5BEC-4EE7-A2A4-313BAB7DD2AB}"
EndProject
Global
	GlobalSection(SolutionConfigurationPlatforms) = preSolution
		Debug|Any CPU = Debug|Any CPU
		Release|Any CPU = Release|Any CPU
	EndGlobalSection
	GlobalSection(ProjectConfigurationPlatforms) = postSolution
		{87BE54EA-5BEC-4EE7-A2A4-313BAB7DD2AB}.Debug|Any CPU.ActiveCfg = Debug|Any CPU
		{87BE54EA-5BEC-4EE7-A2A4-313BAB7DD2AB}.Debug|Any CPU.Build.0 = Debug|Any CPU
		{87BE54EA-5BEC-4EE7-A2A4-313BAB7DD2AB}.Release|Any CPU.ActiveCfg = Release|Any CPU
		{87BE54EA-5BEC-4EE7-A2A4-313BAB7DD2AB}.Release|Any CPU.Build.0 = Release|Any CPU
	EndGlobalSection
	GlobalSection(SolutionProperties) = preSolution
		HideSolutionNode = FALSE
	EndGlobalSection
	GlobalSection(ExtensibilityGlobals) = postSolution
		SolutionGuid = {D57F5DAD-FAFC-4AA9-B5DD-F2447143F0DC}
	EndGlobalSection
EndGlobal
